
Microsoft Visual Studio Solution File, Format Version 12.00
# Visual Studio Version 16
VisualStudioVersion = 16.0.29409.12
MinimumVisualStudioVersion = 10.0.40219.1
Project("{2150E333-8FDC-42A3-9474-1A3956D46DE8}") = "ZTunnel.Pmms", "ZTunnel.Pmms", "{863E9E5B-8F22-4A87-A59A-FE466C68C632}"
EndProject
Project("{9A19103F-16F7-4668-BE54-9A1E7A4F7556}") = "api", "ZTunnel.Pmms\Api\api.csproj", "{8A5E3CEC-15A6-4D0F-A539-8993F929BEE7}"
EndProject
Project("{9A19103F-16F7-4668-BE54-9A1E7A4F7556}") = "core", "ZTunnel.Pmms\Core\core.csproj", "{C73E2754-8E0D-493F-985D-84EE064552B4}"
EndProject
Project("{9A19103F-16F7-4668-BE54-9A1E7A4F7556}") = "model", "ZTunnel.Pmms\Model\model.csproj", "{3FC0B952-4158-42DF-B53B-ABFC1B6E6029}"
EndProject
Project("{9A19103F-16F7-4668-BE54-9A1E7A4F7556}") = "repository", "ZTunnel.Pmms\Repository\repository.csproj", "{18A02EE7-3DE0-4CD5-B756-630C70601B39}"
EndProject
Project("{9A19103F-16F7-4668-BE54-9A1E7A4F7556}") = "services", "ZTunnel.Pmms\Service\services.csproj", "{3C5D0AE9-D9B3-459B-8C58-18E0BB990828}"
EndProject
Project("{FAE04EC0-301F-11D3-BF4B-00C04F79EFBC}") = "tests", "tests\tests.csproj", "{912193BD-CEFA-42BC-99BA-41BBC3DF0C8A}"
EndProject
Global
	GlobalSection(SolutionConfigurationPlatforms) = preSolution
		Debug|Any CPU = Debug|Any CPU
		Debug|x64 = Debug|x64
		Debug|x86 = Debug|x86
		Release|Any CPU = Release|Any CPU
		Release|x64 = Release|x64
		Release|x86 = Release|x86
	EndGlobalSection
	GlobalSection(ProjectConfigurationPlatforms) = postSolution
		{8A5E3CEC-15A6-4D0F-A539-8993F929BEE7}.Debug|Any CPU.ActiveCfg = Debug|Any CPU
		{8A5E3CEC-15A6-4D0F-A539-8993F929BEE7}.Debug|Any CPU.Build.0 = Debug|Any CPU
		{8A5E3CEC-15A6-4D0F-A539-8993F929BEE7}.Debug|x64.ActiveCfg = Debug|Any CPU
		{8A5E3CEC-15A6-4D0F-A539-8993F929BEE7}.Debug|x64.Build.0 = Debug|Any CPU
		{8A5E3CEC-15A6-4D0F-A539-8993F929BEE7}.Debug|x86.ActiveCfg = Debug|Any CPU
		{8A5E3CEC-15A6-4D0F-A539-8993F929BEE7}.Debug|x86.Build.0 = Debug|Any CPU
		{8A5E3CEC-15A6-4D0F-A539-8993F929BEE7}.Release|Any CPU.ActiveCfg = Release|Any CPU
		{8A5E3CEC-15A6-4D0F-A539-8993F929BEE7}.Release|Any CPU.Build.0 = Release|Any CPU
		{8A5E3CEC-15A6-4D0F-A539-8993F929BEE7}.Release|x64.ActiveCfg = Release|Any CPU
		{8A5E3CEC-15A6-4D0F-A539-8993F929BEE7}.Release|x64.Build.0 = Release|Any CPU
		{8A5E3CEC-15A6-4D0F-A539-8993F929BEE7}.Release|x86.ActiveCfg = Release|Any CPU
		{8A5E3CEC-15A6-4D0F-A539-8993F929BEE7}.Release|x86.Build.0 = Release|Any CPU
		{C73E2754-8E0D-493F-985D-84EE064552B4}.Debug|Any CPU.ActiveCfg = Debug|Any CPU
		{C73E2754-8E0D-493F-985D-84EE064552B4}.Debug|Any CPU.Build.0 = Debug|Any CPU
		{C73E2754-8E0D-493F-985D-84EE064552B4}.Debug|x64.ActiveCfg = Debug|Any CPU
		{C73E2754-8E0D-493F-985D-84EE064552B4}.Debug|x64.Build.0 = Debug|Any CPU
		{C73E2754-8E0D-493F-985D-84EE064552B4}.Debug|x86.ActiveCfg = Debug|Any CPU
		{C73E2754-8E0D-493F-985D-84EE064552B4}.Debug|x86.Build.0 = Debug|Any CPU
		{C73E2754-8E0D-493F-985D-84EE064552B4}.Release|Any CPU.ActiveCfg = Release|Any CPU
		{C73E2754-8E0D-493F-985D-84EE064552B4}.Release|Any CPU.Build.0 = Release|Any CPU
		{C73E2754-8E0D-493F-985D-84EE064552B4}.Release|x64.ActiveCfg = Release|Any CPU
		{C73E2754-8E0D-493F-985D-84EE064552B4}.Release|x64.Build.0 = Release|Any CPU
		{C73E2754-8E0D-493F-985D-84EE064552B4}.Release|x86.ActiveCfg = Release|Any CPU
		{C73E2754-8E0D-493F-985D-84EE064552B4}.Release|x86.Build.0 = Release|Any CPU
		{3FC0B952-4158-42DF-B53B-ABFC1B6E6029}.Debug|Any CPU.ActiveCfg = Debug|Any CPU
		{3FC0B952-4158-42DF-B53B-ABFC1B6E6029}.Debug|Any CPU.Build.0 = Debug|Any CPU
		{3FC0B952-4158-42DF-B53B-ABFC1B6E6029}.Debug|x64.ActiveCfg = Debug|Any CPU
		{3FC0B952-4158-42DF-B53B-ABFC1B6E6029}.Debug|x64.Build.0 = Debug|Any CPU
		{3FC0B952-4158-42DF-B53B-ABFC1B6E6029}.Debug|x86.ActiveCfg = Debug|Any CPU
		{3FC0B952-4158-42DF-B53B-ABFC1B6E6029}.Debug|x86.Build.0 = Debug|Any CPU
		{3FC0B952-4158-42DF-B53B-ABFC1B6E6029}.Release|Any CPU.ActiveCfg = Release|Any CPU
		{3FC0B952-4158-42DF-B53B-ABFC1B6E6029}.Release|Any CPU.Build.0 = Release|Any CPU
		{3FC0B952-4158-42DF-B53B-ABFC1B6E6029}.Release|x64.ActiveCfg = Release|Any CPU
		{3FC0B952-4158-42DF-B53B-ABFC1B6E6029}.Release|x64.Build.0 = Release|Any CPU
		{3FC0B952-4158-42DF-B53B-ABFC1B6E6029}.Release|x86.ActiveCfg = Release|Any CPU
		{3FC0B952-4158-42DF-B53B-ABFC1B6E6029}.Release|x86.Build.0 = Release|Any CPU
		{18A02EE7-3DE0-4CD5-B756-630C70601B39}.Debug|Any CPU.ActiveCfg = Debug|Any CPU
		{18A02EE7-3DE0-4CD5-B756-630C70601B39}.Debug|Any CPU.Build.0 = Debug|Any CPU
		{18A02EE7-3DE0-4CD5-B756-630C70601B39}.Debug|x64.ActiveCfg = Debug|Any CPU
		{18A02EE7-3DE0-4CD5-B756-630C70601B39}.Debug|x64.Build.0 = Debug|Any CPU
		{18A02EE7-3DE0-4CD5-B756-630C70601B39}.Debug|x86.ActiveCfg = Debug|Any CPU
		{18A02EE7-3DE0-4CD5-B756-630C70601B39}.Debug|x86.Build.0 = Debug|Any CPU
		{18A02EE7-3DE0-4CD5-B756-630C70601B39}.Release|Any CPU.ActiveCfg = Release|Any CPU
		{18A02EE7-3DE0-4CD5-B756-630C70601B39}.Release|Any CPU.Build.0 = Release|Any CPU
		{18A02EE7-3DE0-4CD5-B756-630C70601B39}.Release|x64.ActiveCfg = Release|Any CPU
		{18A02EE7-3DE0-4CD5-B756-630C70601B39}.Release|x64.Build.0 = Release|Any CPU
		{18A02EE7-3DE0-4CD5-B756-630C70601B39}.Release|x86.ActiveCfg = Release|Any CPU
		{18A02EE7-3DE0-4CD5-B756-630C70601B39}.Release|x86.Build.0 = Release|Any CPU
		{3C5D0AE9-D9B3-459B-8C58-18E0BB990828}.Debug|Any CPU.ActiveCfg = Debug|Any CPU
		{3C5D0AE9-D9B3-459B-8C58-18E0BB990828}.Debug|Any CPU.Build.0 = Debug|Any CPU
		{3C5D0AE9-D9B3-459B-8C58-18E0BB990828}.Debug|x64.ActiveCfg = Debug|Any CPU
		{3C5D0AE9-D9B3-459B-8C58-18E0BB990828}.Debug|x64.Build.0 = Debug|Any CPU
		{3C5D0AE9-D9B3-459B-8C58-18E0BB990828}.Debug|x86.ActiveCfg = Debug|Any CPU
		{3C5D0AE9-D9B3-459B-8C58-18E0BB990828}.Debug|x86.Build.0 = Debug|Any CPU
		{3C5D0AE9-D9B3-459B-8C58-18E0BB990828}.Release|Any CPU.ActiveCfg = Release|Any CPU
		{3C5D0AE9-D9B3-459B-8C58-18E0BB990828}.Release|Any CPU.Build.0 = Release|Any CPU
		{3C5D0AE9-D9B3-459B-8C58-18E0BB990828}.Release|x64.ActiveCfg = Release|Any CPU
		{3C5D0AE9-D9B3-459B-8C58-18E0BB990828}.Release|x64.Build.0 = Release|Any CPU
		{3C5D0AE9-D9B3-459B-8C58-18E0BB990828}.Release|x86.ActiveCfg = Release|Any CPU
		{3C5D0AE9-D9B3-459B-8C58-18E0BB990828}.Release|x86.Build.0 = Release|Any CPU
		{912193BD-CEFA-42BC-99BA-41BBC3DF0C8A}.Debug|Any CPU.ActiveCfg = Debug|Any CPU
		{912193BD-CEFA-42BC-99BA-41BBC3DF0C8A}.Debug|Any CPU.Build.0 = Debug|Any CPU
		{912193BD-CEFA-42BC-99BA-41BBC3DF0C8A}.Debug|x64.ActiveCfg = Debug|Any CPU
		{912193BD-CEFA-42BC-99BA-41BBC3DF0C8A}.Debug|x64.Build.0 = Debug|Any CPU
		{912193BD-CEFA-42BC-99BA-41BBC3DF0C8A}.Debug|x86.ActiveCfg = Debug|Any CPU
		{912193BD-CEFA-42BC-99BA-41BBC3DF0C8A}.Debug|x86.Build.0 = Debug|Any CPU
		{912193BD-CEFA-42BC-99BA-41BBC3DF0C8A}.Release|Any CPU.ActiveCfg = Release|Any CPU
		{912193BD-CEFA-42BC-99BA-41BBC3DF0C8A}.Release|Any CPU.Build.0 = Release|Any CPU
		{912193BD-CEFA-42BC-99BA-41BBC3DF0C8A}.Release|x64.ActiveCfg = Release|Any CPU
		{912193BD-CEFA-42BC-99BA-41BBC3DF0C8A}.Release|x64.Build.0 = Release|Any CPU
		{912193BD-CEFA-42BC-99BA-41BBC3DF0C8A}.Release|x86.ActiveCfg = Release|Any CPU
		{912193BD-CEFA-42BC-99BA-41BBC3DF0C8A}.Release|x86.Build.0 = Release|Any CPU
	EndGlobalSection
	GlobalSection(SolutionProperties) = preSolution
		HideSolutionNode = FALSE
	EndGlobalSection
	GlobalSection(NestedProjects) = preSolution
		{8A5E3CEC-15A6-4D0F-A539-8993F929BEE7} = {863E9E5B-8F22-4A87-A59A-FE466C68C632}
		{C73E2754-8E0D-493F-985D-84EE064552B4} = {863E9E5B-8F22-4A87-A59A-FE466C68C632}
		{3FC0B952-4158-42DF-B53B-ABFC1B6E6029} = {863E9E5B-8F22-4A87-A59A-FE466C68C632}
		{18A02EE7-3DE0-4CD5-B756-630C70601B39} = {863E9E5B-8F22-4A87-A59A-FE466C68C632}
		{3C5D0AE9-D9B3-459B-8C58-18E0BB990828} = {863E9E5B-8F22-4A87-A59A-FE466C68C632}
		{912193BD-CEFA-42BC-99BA-41BBC3DF0C8A} = {863E9E5B-8F22-4A87-A59A-FE466C68C632}
	EndGlobalSection
	GlobalSection(ExtensibilityGlobals) = postSolution
		SolutionGuid = {0D8548F9-A256-46C9-AA04-36B13C4FF287}
	EndGlobalSection
EndGlobal
